
Microsoft Visual Studio Solution File, Format Version 12.00
# Visual Studio Version 17
VisualStudioVersion = 17.2.32630.192
MinimumVisualStudioVersion = 10.0.40219.1
Project("{FAE04EC0-301F-11D3-BF4B-00C04F79EFBC}") = "30DaysOfShred", "30DaysOfShred.csproj", "{769D1B40-FC83-4FE1-B78B-0BBB2C5BC3F2}"
EndProject
Global
	GlobalSection(SolutionConfigurationPlatforms) = preSolution
		Debug|Any CPU = Debug|Any CPU
		Release|Any CPU = Release|Any CPU
	EndGlobalSection
	GlobalSection(ProjectConfigurationPlatforms) = postSolution
		{769D1B40-FC83-4FE1-B78B-0BBB2C5BC3F2}.Debug|Any CPU.ActiveCfg = Debug|Any CPU
		{769D1B40-FC83-4FE1-B78B-0BBB2C5BC3F2}.Debug|Any CPU.Build.0 = Debug|Any CPU
		{769D1B40-FC83-4FE1-B78B-0BBB2C5BC3F2}.Release|Any CPU.ActiveCfg = Release|Any CPU
		{769D1B40-FC83-4FE1-B78B-0BBB2C5BC3F2}.Release|Any CPU.Build.0 = Release|Any CPU
	EndGlobalSection
	GlobalSection(SolutionProperties) = preSolution
		HideSolutionNode = FALSE
	EndGlobalSection
	GlobalSection(ExtensibilityGlobals) = postSolution
		SolutionGuid = {118B8CD4-BEED-496C-BE03-9BA0CB0FD227}
	EndGlobalSection
EndGlobal
